{
  "name": "example",
  "version": "1.0.2",
  "lockfileVersion": 2,
  "requires": true,
  "packages": {
    "": {
      "version": "1.0.2",
      "license": "ISC",
      "dependencies": {
        "ip-trace": "^0.0.1",
        "typescript": "^4.4.4"
      }
    },
    "node_modules/@types/node": {
      "version": "16.11.7",
      "resolved": "https://registry.npmjs.org/@types/node/-/node-16.11.7.tgz",
      "integrity": "sha512-QB5D2sqfSjCmTuWcBWyJ+/44bcjO7VbjSbOE0ucoVbAsSNQc4Lt6QkgkVXkTDwkL4z/beecZNDvVX15D4P8Jbw=="
    },
    "node_modules/ip-address": {
      "version": "8.1.0",
      "resolved": "https://registry.npmjs.org/ip-address/-/ip-address-8.1.0.tgz",
      "integrity": "sha512-Wz91gZKpNKoXtqvY8ScarKYwhXoK4r/b5QuT+uywe/azv0/nUCo7Bh0IRRI7F9DHR06kJNWtzMGLIbXavngbKA==",
      "dependencies": {
        "jsbn": "1.1.0",
        "sprintf-js": "1.1.2"
      },
      "engines": {
        "node": ">= 12"
      }
    },
    "node_modules/ip-trace": {
      "version": "0.0.1",
      "resolved": "https://registry.npmjs.org/ip-trace/-/ip-trace-0.0.1.tgz",
      "integrity": "sha512-MgHFXcK0PbfQV9HNqdbv+8LAep/xTwkV+w1tAXOn3bPND89pZYzKNXmmnFYHPoARax6mdZ8W9NPjZp5eYClUNA==",
      "dependencies": {
        "@types/node": "^16.11.7",
        "ip-address": "^8.1.0",
        "typescript": "^4.4.4"
      }
    },
    "node_modules/jsbn": {
      "version": "1.1.0",
      "resolved": "https://registry.npmjs.org/jsbn/-/jsbn-1.1.0.tgz",
      "integrity": "sha1-sBMHyym2GKHtJux56RH4A8TaAEA="
    },
    "node_modules/sprintf-js": {
      "version": "1.1.2",
      "resolved": "https://registry.npmjs.org/sprintf-js/-/sprintf-js-1.1.2.tgz",
      "integrity": "sha512-VE0SOVEHCk7Qc8ulkWw3ntAzXuqf7S2lvwQaDLRnUeIEaKNQJzV6BwmLKhOqT61aGhfUMrXeaBk+oDGCzvhcug=="
    },
    "node_modules/typescript": {
      "version": "4.4.4",
      "resolved": "https://registry.npmjs.org/typescript/-/typescript-4.4.4.tgz",
      "integrity": "sha512-DqGhF5IKoBl8WNf8C1gu8q0xZSInh9j1kJJMqT3a94w1JzVaBU4EXOSMrz9yDqMT0xt3selp83fuFMQ0uzv6qA==",
      "bin": {
        "tsc": "bin/tsc",
        "tsserver": "bin/tsserver"
      },
      "engines": {
        "node": ">=4.2.0"
      }
    }
  },
  "dependencies": {
    "@types/node": {
      "version": "16.11.7",
      "resolved": "https://registry.npmjs.org/@types/node/-/node-16.11.7.tgz",
      "integrity": "sha512-QB5D2sqfSjCmTuWcBWyJ+/44bcjO7VbjSbOE0ucoVbAsSNQc4Lt6QkgkVXkTDwkL4z/beecZNDvVX15D4P8Jbw=="
    },
    "ip-address": {
      "version": "8.1.0",
      "resolved": "https://registry.npmjs.org/ip-address/-/ip-address-8.1.0.tgz",
      "integrity": "sha512-Wz91gZKpNKoXtqvY8ScarKYwhXoK4r/b5QuT+uywe/azv0/nUCo7Bh0IRRI7F9DHR06kJNWtzMGLIbXavngbKA==",
      "requires": {
        "jsbn": "1.1.0",
        "sprintf-js": "1.1.2"
      }
    },
    "ip-trace": {
      "version": "0.0.1",
      "resolved": "https://registry.npmjs.org/ip-trace/-/ip-trace-0.0.1.tgz",
      "integrity": "sha512-MgHFXcK0PbfQV9HNqdbv+8LAep/xTwkV+w1tAXOn3bPND89pZYzKNXmmnFYHPoARax6mdZ8W9NPjZp5eYClUNA==",
      "requires": {
        "@types/node": "^16.11.7",
        "ip-address": "^8.1.0",
        "typescript": "^4.4.4"
      }
    },
    "jsbn": {
      "version": "1.1.0",
      "resolved": "https://registry.npmjs.org/jsbn/-/jsbn-1.1.0.tgz",
      "integrity": "sha1-sBMHyym2GKHtJux56RH4A8TaAEA="
    },
    "sprintf-js": {
      "version": "1.1.2",
      "resolved": "https://registry.npmjs.org/sprintf-js/-/sprintf-js-1.1.2.tgz",
      "integrity": "sha512-VE0SOVEHCk7Qc8ulkWw3ntAzXuqf7S2lvwQaDLRnUeIEaKNQJzV6BwmLKhOqT61aGhfUMrXeaBk+oDGCzvhcug=="
    },
    "typescript": {
      "version": "4.4.4",
      "resolved": "https://registry.npmjs.org/typescript/-/typescript-4.4.4.tgz",
      "integrity": "sha512-DqGhF5IKoBl8WNf8C1gu8q0xZSInh9j1kJJMqT3a94w1JzVaBU4EXOSMrz9yDqMT0xt3selp83fuFMQ0uzv6qA=="
    }
  }
}
